Microsoft Visual Studio Solution File, Format Version 12.00
# Visual Studio Version 17
VisualStudioVersion = 17.5.2.0
MinimumVisualStudioVersion = 10.0.40219.1
Project("{FAE04EC0-301F-11D3-BF4B-00C04F79EFBC}") = "Monitoreo", "Monitoreo.csproj", "{80EAAC5D-49C0-6A68-D613-50FE6095753E}"
EndProject
Global
	GlobalSection(SolutionConfigurationPlatforms) = preSolution
		Debug|Any CPU = Debug|Any CPU
		Release|Any CPU = Release|Any CPU
	EndGlobalSection
	GlobalSection(ProjectConfigurationPlatforms) = postSolution
		{80EAAC5D-49C0-6A68-D613-50FE6095753E}.Debug|Any CPU.ActiveCfg = Debug|Any CPU
		{80EAAC5D-49C0-6A68-D613-50FE6095753E}.Debug|Any CPU.Build.0 = Debug|Any CPU
		{80EAAC5D-49C0-6A68-D613-50FE6095753E}.Release|Any CPU.ActiveCfg = Release|Any CPU
		{80EAAC5D-49C0-6A68-D613-50FE6095753E}.Release|Any CPU.Build.0 = Release|Any CPU
	EndGlobalSection
	GlobalSection(SolutionProperties) = preSolution
		HideSolutionNode = FALSE
	EndGlobalSection
	GlobalSection(ExtensibilityGlobals) = postSolution
		SolutionGuid = {D6340E19-3BDC-4BBD-967A-11BC9ABFB7E3}
	EndGlobalSection
EndGlobal
